
Microsoft Visual Studio Solution File, Format Version 12.00
# TcXaeShell Solution File, Format Version 11.00
VisualStudioVersion = 15.0.28010.2050
MinimumVisualStudioVersion = 10.0.40219.1
Project("{B1E792BE-AA5F-4E3C-8C82-674BF9C0715B}") = "TMO Motion Granite 3 test", "TMO Motion Granite 3 test\TMO Motion Granite 3 test.tsproj", "{2555445B-89E2-421D-BB4A-9E3835234055}"
EndProject
Global
	GlobalSection(SolutionConfigurationPlatforms) = preSolution
		Debug|TwinCAT CE7 (ARMV7) = Debug|TwinCAT CE7 (ARMV7)
		Debug|TwinCAT OS (ARMT2) = Debug|TwinCAT OS (ARMT2)
		Debug|TwinCAT RT (x64) = Debug|TwinCAT RT (x64)
		Debug|TwinCAT RT (x86) = Debug|TwinCAT RT (x86)
		Release|TwinCAT CE7 (ARMV7) = Release|TwinCAT CE7 (ARMV7)
		Release|TwinCAT OS (ARMT2) = Release|TwinCAT OS (ARMT2)
		Release|TwinCAT RT (x64) = Release|TwinCAT RT (x64)
		Release|TwinCAT RT (x86) = Release|TwinCAT RT (x86)
	EndGlobalSection
	GlobalSection(ProjectConfigurationPlatforms) = postSolution
		{2555445B-89E2-421D-BB4A-9E3835234055}.Debug|TwinCAT CE7 (ARMV7).ActiveCfg = Debug|TwinCAT CE7 (ARMV7)
		{2555445B-89E2-421D-BB4A-9E3835234055}.Debug|TwinCAT CE7 (ARMV7).Build.0 = Debug|TwinCAT CE7 (ARMV7)
		{2555445B-89E2-421D-BB4A-9E3835234055}.Debug|TwinCAT OS (ARMT2).ActiveCfg = Debug|TwinCAT OS (ARMT2)
		{2555445B-89E2-421D-BB4A-9E3835234055}.Debug|TwinCAT OS (ARMT2).Build.0 = Debug|TwinCAT OS (ARMT2)
		{2555445B-89E2-421D-BB4A-9E3835234055}.Debug|TwinCAT RT (x64).ActiveCfg = Debug|TwinCAT RT (x64)
		{2555445B-89E2-421D-BB4A-9E3835234055}.Debug|TwinCAT RT (x64).Build.0 = Debug|TwinCAT RT (x64)
		{2555445B-89E2-421D-BB4A-9E3835234055}.Debug|TwinCAT RT (x86).ActiveCfg = Debug|TwinCAT RT (x86)
		{2555445B-89E2-421D-BB4A-9E3835234055}.Debug|TwinCAT RT (x86).Build.0 = Debug|TwinCAT RT (x86)
		{2555445B-89E2-421D-BB4A-9E3835234055}.Release|TwinCAT CE7 (ARMV7).ActiveCfg = Release|TwinCAT CE7 (ARMV7)
		{2555445B-89E2-421D-BB4A-9E3835234055}.Release|TwinCAT CE7 (ARMV7).Build.0 = Release|TwinCAT CE7 (ARMV7)
		{2555445B-89E2-421D-BB4A-9E3835234055}.Release|TwinCAT OS (ARMT2).ActiveCfg = Release|TwinCAT OS (ARMT2)
		{2555445B-89E2-421D-BB4A-9E3835234055}.Release|TwinCAT OS (ARMT2).Build.0 = Release|TwinCAT OS (ARMT2)
		{2555445B-89E2-421D-BB4A-9E3835234055}.Release|TwinCAT RT (x64).ActiveCfg = Release|TwinCAT RT (x64)
		{2555445B-89E2-421D-BB4A-9E3835234055}.Release|TwinCAT RT (x64).Build.0 = Release|TwinCAT RT (x64)
		{2555445B-89E2-421D-BB4A-9E3835234055}.Release|TwinCAT RT (x86).ActiveCfg = Release|TwinCAT RT (x86)
		{2555445B-89E2-421D-BB4A-9E3835234055}.Release|TwinCAT RT (x86).Build.0 = Release|TwinCAT RT (x86)
		{5E004A70-0ED1-4CA1-B4D6-0F12F622B4CA}.Debug|TwinCAT CE7 (ARMV7).ActiveCfg = Debug|TwinCAT CE7 (ARMV7)
		{5E004A70-0ED1-4CA1-B4D6-0F12F622B4CA}.Debug|TwinCAT CE7 (ARMV7).Build.0 = Debug|TwinCAT CE7 (ARMV7)
		{5E004A70-0ED1-4CA1-B4D6-0F12F622B4CA}.Debug|TwinCAT OS (ARMT2).ActiveCfg = Debug|TwinCAT OS (ARMT2)
		{5E004A70-0ED1-4CA1-B4D6-0F12F622B4CA}.Debug|TwinCAT OS (ARMT2).Build.0 = Debug|TwinCAT OS (ARMT2)
		{5E004A70-0ED1-4CA1-B4D6-0F12F622B4CA}.Debug|TwinCAT RT (x64).ActiveCfg = Debug|TwinCAT RT (x64)
		{5E004A70-0ED1-4CA1-B4D6-0F12F622B4CA}.Debug|TwinCAT RT (x64).Build.0 = Debug|TwinCAT RT (x64)
		{5E004A70-0ED1-4CA1-B4D6-0F12F622B4CA}.Debug|TwinCAT RT (x86).ActiveCfg = Debug|TwinCAT RT (x86)
		{5E004A70-0ED1-4CA1-B4D6-0F12F622B4CA}.Debug|TwinCAT RT (x86).Build.0 = Debug|TwinCAT RT (x86)
		{5E004A70-0ED1-4CA1-B4D6-0F12F622B4CA}.Release|TwinCAT CE7 (ARMV7).ActiveCfg = Release|TwinCAT CE7 (ARMV7)
		{5E004A70-0ED1-4CA1-B4D6-0F12F622B4CA}.Release|TwinCAT CE7 (ARMV7).Build.0 = Release|TwinCAT CE7 (ARMV7)
		{5E004A70-0ED1-4CA1-B4D6-0F12F622B4CA}.Release|TwinCAT OS (ARMT2).ActiveCfg = Release|TwinCAT OS (ARMT2)
		{5E004A70-0ED1-4CA1-B4D6-0F12F622B4CA}.Release|TwinCAT OS (ARMT2).Build.0 = Release|TwinCAT OS (ARMT2)
		{5E004A70-0ED1-4CA1-B4D6-0F12F622B4CA}.Release|TwinCAT RT (x64).ActiveCfg = Release|TwinCAT RT (x64)
		{5E004A70-0ED1-4CA1-B4D6-0F12F622B4CA}.Release|TwinCAT RT (x64).Build.0 = Release|TwinCAT RT (x64)
		{5E004A70-0ED1-4CA1-B4D6-0F12F622B4CA}.Release|TwinCAT RT (x86).ActiveCfg = Release|TwinCAT RT (x86)
		{5E004A70-0ED1-4CA1-B4D6-0F12F622B4CA}.Release|TwinCAT RT (x86).Build.0 = Release|TwinCAT RT (x86)
	EndGlobalSection
	GlobalSection(SolutionProperties) = preSolution
		HideSolutionNode = FALSE
	EndGlobalSection
	GlobalSection(ExtensibilityGlobals) = postSolution
		SolutionGuid = {5EECC9A2-F51E-477C-9050-540E16C52B8E}
	EndGlobalSection
EndGlobal
